
Microsoft Visual Studio Solution File, Format Version 12.00
# Visual Studio 14
VisualStudioVersion = 14.0.25123.0
MinimumVisualStudioVersion = 10.0.40219.1
Project("{FAE04EC0-301F-11D3-BF4B-00C04F79EFBC}") = "FsWebWeb", "FsWeb\FsWebWeb\FsWebWeb.csproj", "{78AB7157-C8B2-45DF-B93B-5BB50ED1F4E0}"
EndProject
Project("{F2A71F9B-5D33-465A-A702-920D77279786}") = "FsWebWebApp", "FsWeb\FsWebWebApp\FsWebWebApp.fsproj", "{A126575F-C66E-42BF-A70F-655D4C3F0069}"
EndProject
Project("{F2A71F9B-5D33-465A-A702-920D77279786}") = "FsWebWebAppTests", "FsWeb\FsWebWebAppTests\FsWebWebAppTests.fsproj", "{25102AF8-150F-4BA6-B519-E3FD5A70FC2C}"
EndProject
Project("{F2A71F9B-5D33-465A-A702-920D77279786}") = "Guitar.Console", "Guitar.Console\Guitar.Console.fsproj", "{93B6A0EF-0F7A-497F-B878-EE14EE870549}"
EndProject
Global
	GlobalSection(SolutionConfigurationPlatforms) = preSolution
		Debug|Any CPU = Debug|Any CPU
		Release|Any CPU = Release|Any CPU
	EndGlobalSection
	GlobalSection(ProjectConfigurationPlatforms) = postSolution
		{78AB7157-C8B2-45DF-B93B-5BB50ED1F4E0}.Debug|Any CPU.ActiveCfg = Debug|Any CPU
		{78AB7157-C8B2-45DF-B93B-5BB50ED1F4E0}.Debug|Any CPU.Build.0 = Debug|Any CPU
		{78AB7157-C8B2-45DF-B93B-5BB50ED1F4E0}.Release|Any CPU.ActiveCfg = Release|Any CPU
		{78AB7157-C8B2-45DF-B93B-5BB50ED1F4E0}.Release|Any CPU.Build.0 = Release|Any CPU
		{A126575F-C66E-42BF-A70F-655D4C3F0069}.Debug|Any CPU.ActiveCfg = Debug|Any CPU
		{A126575F-C66E-42BF-A70F-655D4C3F0069}.Debug|Any CPU.Build.0 = Debug|Any CPU
		{A126575F-C66E-42BF-A70F-655D4C3F0069}.Release|Any CPU.ActiveCfg = Release|Any CPU
		{A126575F-C66E-42BF-A70F-655D4C3F0069}.Release|Any CPU.Build.0 = Release|Any CPU
		{25102AF8-150F-4BA6-B519-E3FD5A70FC2C}.Debug|Any CPU.ActiveCfg = Debug|Any CPU
		{25102AF8-150F-4BA6-B519-E3FD5A70FC2C}.Debug|Any CPU.Build.0 = Debug|Any CPU
		{25102AF8-150F-4BA6-B519-E3FD5A70FC2C}.Release|Any CPU.ActiveCfg = Release|Any CPU
		{25102AF8-150F-4BA6-B519-E3FD5A70FC2C}.Release|Any CPU.Build.0 = Release|Any CPU
		{93B6A0EF-0F7A-497F-B878-EE14EE870549}.Debug|Any CPU.ActiveCfg = Debug|Any CPU
		{93B6A0EF-0F7A-497F-B878-EE14EE870549}.Debug|Any CPU.Build.0 = Debug|Any CPU
		{93B6A0EF-0F7A-497F-B878-EE14EE870549}.Release|Any CPU.ActiveCfg = Release|Any CPU
		{93B6A0EF-0F7A-497F-B878-EE14EE870549}.Release|Any CPU.Build.0 = Release|Any CPU
	EndGlobalSection
	GlobalSection(SolutionProperties) = preSolution
		HideSolutionNode = FALSE
	EndGlobalSection
EndGlobal
